// !$*UTF8*$!
{
	archiveVersion = 1;
	classes = {
	};
	objectVersion = 56;
	objects = {

/* Begin PBXBuildFile section */
		E73E877E28DDB51A00179303 /* SearchImageApp.swift in Sources */ = {isa = PBXBuildFile; fileRef = E73E877D28DDB51A00179303 /* SearchImageApp.swift */; };
		E73E878028DDB51A00179303 /* SearchView.swift in Sources */ = {isa = PBXBuildFile; fileRef = E73E877F28DDB51A00179303 /* SearchView.swift */; };
		E73E878228DDB51C00179303 /* Assets.xcassets in Resources */ = {isa = PBXBuildFile; fileRef = E73E878128DDB51C00179303 /* Assets.xcassets */; };
		E73E878528DDB51C00179303 /* Preview Assets.xcassets in Resources */ = {isa = PBXBuildFile; fileRef = E73E878428DDB51C00179303 /* Preview Assets.xcassets */; };
		E73E878D28DDB72C00179303 /* SearchViewModel.swift in Sources */ = {isa = PBXBuildFile; fileRef = E73E878C28DDB72C00179303 /* SearchViewModel.swift */; };
		E73E878F28DDB77200179303 /* SearchModel.swift in Sources */ = {isa = PBXBuildFile; fileRef = E73E878E28DDB77200179303 /* SearchModel.swift */; };
		E73E879228DDBBBE00179303 /* APIConstants.swift in Sources */ = {isa = PBXBuildFile; fileRef = E73E879128DDBBBE00179303 /* APIConstants.swift */; };
		E73E879928DDBDB500179303 /* SearchService.swift in Sources */ = {isa = PBXBuildFile; fileRef = E73E879828DDBDB500179303 /* SearchService.swift */; };
		E73E879B28DDCF0100179303 /* GalleryView.swift in Sources */ = {isa = PBXBuildFile; fileRef = E73E879A28DDCF0100179303 /* GalleryView.swift */; };
		E73E87A628DDED6B00179303 /* ImageLoaderViewModel.swift in Sources */ = {isa = PBXBuildFile; fileRef = E73E87A528DDED6B00179303 /* ImageLoaderViewModel.swift */; };
		E73E87A828DDEDA700179303 /* URLImage.swift in Sources */ = {isa = PBXBuildFile; fileRef = E73E87A728DDEDA700179303 /* URLImage.swift */; };
		E73E87AB28DDFB2E00179303 /* ErrorHandler.swift in Sources */ = {isa = PBXBuildFile; fileRef = E73E87AA28DDFB2E00179303 /* ErrorHandler.swift */; };
		E73E87B028DDFD8600179303 /* StaticText.swift in Sources */ = {isa = PBXBuildFile; fileRef = E73E87AF28DDFD8600179303 /* StaticText.swift */; };
		E73E87B328DE041D00179303 /* StringExtension.swift in Sources */ = {isa = PBXBuildFile; fileRef = E73E87B228DE041D00179303 /* StringExtension.swift */; };
/* End PBXBuildFile section */

/* Begin PBXFileReference section */
		E73E877A28DDB51A00179303 /* SearchImage.app */ = {isa = PBXFileReference; explicitFileType = wrapper.application; includeInIndex = 0; path = SearchImage.app; sourceTree = BUILT_PRODUCTS_DIR; };
		E73E877D28DDB51A00179303 /* SearchImageApp.swift */ = {isa = PBXFileReference; lastKnownFileType = sourcecode.swift; path = SearchImageApp.swift; sourceTree = "<group>"; };
		E73E877F28DDB51A00179303 /* SearchView.swift */ = {isa = PBXFileReference; lastKnownFileType = sourcecode.swift; path = SearchView.swift; sourceTree = "<group>"; };
		E73E878128DDB51C00179303 /* Assets.xcassets */ = {isa = PBXFileReference; lastKnownFileType = folder.assetcatalog; path = Assets.xcassets; sourceTree = "<group>"; };
		E73E878428DDB51C00179303 /* Preview Assets.xcassets */ = {isa = PBXFileReference; lastKnownFileType = folder.assetcatalog; path = "Preview Assets.xcassets"; sourceTree = "<group>"; };
		E73E878C28DDB72C00179303 /* SearchViewModel.swift */ = {isa = PBXFileReference; lastKnownFileType = sourcecode.swift; path = SearchViewModel.swift; sourceTree = "<group>"; };
		E73E878E28DDB77200179303 /* SearchModel.swift */ = {isa = PBXFileReference; lastKnownFileType = sourcecode.swift; path = SearchModel.swift; sourceTree = "<group>"; };
		E73E879128DDBBBE00179303 /* APIConstants.swift */ = {isa = PBXFileReference; lastKnownFileType = sourcecode.swift; path = APIConstants.swift; sourceTree = "<group>"; };
		E73E879828DDBDB500179303 /* SearchService.swift */ = {isa = PBXFileReference; lastKnownFileType = sourcecode.swift; path = SearchService.swift; sourceTree = "<group>"; };
		E73E879A28DDCF0100179303 /* GalleryView.swift */ = {isa = PBXFileReference; lastKnownFileType = sourcecode.swift; path = GalleryView.swift; sourceTree = "<group>"; };
		E73E87A528DDED6B00179303 /* ImageLoaderViewModel.swift */ = {isa = PBXFileReference; lastKnownFileType = sourcecode.swift; path = ImageLoaderViewModel.swift; sourceTree = "<group>"; };
		E73E87A728DDEDA700179303 /* URLImage.swift */ = {isa = PBXFileReference; lastKnownFileType = sourcecode.swift; path = URLImage.swift; sourceTree = "<group>"; };
		E73E87AA28DDFB2E00179303 /* ErrorHandler.swift */ = {isa = PBXFileReference; lastKnownFileType = sourcecode.swift; path = ErrorHandler.swift; sourceTree = "<group>"; };
		E73E87AF28DDFD8600179303 /* StaticText.swift */ = {isa = PBXFileReference; lastKnownFileType = sourcecode.swift; path = StaticText.swift; sourceTree = "<group>"; };
		E73E87B228DE041D00179303 /* StringExtension.swift */ = {isa = PBXFileReference; lastKnownFileType = sourcecode.swift; path = StringExtension.swift; sourceTree = "<group>"; };
		E73E87B428DE089A00179303 /* Info.plist */ = {isa = PBXFileReference; lastKnownFileType = text.plist; path = Info.plist; sourceTree = "<group>"; };
/* End PBXFileReference section */

/* Begin PBXFrameworksBuildPhase section */
		E73E877728DDB51A00179303 /* Frameworks */ = {
			isa = PBXFrameworksBuildPhase;
			buildActionMask = 2147483647;
			files = (
			);
			runOnlyForDeploymentPostprocessing = 0;
		};
/* End PBXFrameworksBuildPhase section */

/* Begin PBXGroup section */
		E73E877128DDB51A00179303 = {
			isa = PBXGroup;
			children = (
				E73E877C28DDB51A00179303 /* SearchImage */,
				E73E877B28DDB51A00179303 /* Products */,
			);
			sourceTree = "<group>";
		};
		E73E877B28DDB51A00179303 /* Products */ = {
			isa = PBXGroup;
			children = (
				E73E877A28DDB51A00179303 /* SearchImage.app */,
			);
			name = Products;
			sourceTree = "<group>";
		};
		E73E877C28DDB51A00179303 /* SearchImage */ = {
			isa = PBXGroup;
			children = (
				E73E87B428DE089A00179303 /* Info.plist */,
				E73E877D28DDB51A00179303 /* SearchImageApp.swift */,
				E73E879328DDBC4E00179303 /* Features */,
				E73E879C28DDE23D00179303 /* Utils */,
				E73E879028DDBBAF00179303 /* Constants */,
				E73E878128DDB51C00179303 /* Assets.xcassets */,
				E73E878328DDB51C00179303 /* Preview Content */,
			);
			path = SearchImage;
			sourceTree = "<group>";
		};
		E73E878328DDB51C00179303 /* Preview Content */ = {
			isa = PBXGroup;
			children = (
				E73E878428DDB51C00179303 /* Preview Assets.xcassets */,
			);
			path = "Preview Content";
			sourceTree = "<group>";
		};
		E73E879028DDBBAF00179303 /* Constants */ = {
			isa = PBXGroup;
			children = (
				E73E879128DDBBBE00179303 /* APIConstants.swift */,
				E73E87AF28DDFD8600179303 /* StaticText.swift */,
			);
			path = Constants;
			sourceTree = "<group>";
		};
		E73E879328DDBC4E00179303 /* Features */ = {
			isa = PBXGroup;
			children = (
				E73E879428DDBC7400179303 /* Search */,
				E73E879528DDBC7A00179303 /* Gallery */,
			);
			path = Features;
			sourceTree = "<group>";
		};
		E73E879428DDBC7400179303 /* Search */ = {
			isa = PBXGroup;
			children = (
				E73E87A928DDFB1B00179303 /* Model */,
				E73E87AC28DDFB3B00179303 /* View */,
				E73E87AD28DDFB4300179303 /* ViewModel */,
				E73E879728DDBDA700179303 /* Service */,
			);
			path = Search;
			sourceTree = "<group>";
		};
		E73E879528DDBC7A00179303 /* Gallery */ = {
			isa = PBXGroup;
			children = (
				E73E879628DDBC9200179303 /* View */,
			);
			path = Gallery;
			sourceTree = "<group>";
		};
		E73E879628DDBC9200179303 /* View */ = {
			isa = PBXGroup;
			children = (
				E73E879A28DDCF0100179303 /* GalleryView.swift */,
			);
			path = View;
			sourceTree = "<group>";
		};
		E73E879728DDBDA700179303 /* Service */ = {
			isa = PBXGroup;
			children = (
				E73E879828DDBDB500179303 /* SearchService.swift */,
			);
			path = Service;
			sourceTree = "<group>";
		};
		E73E879C28DDE23D00179303 /* Utils */ = {
			isa = PBXGroup;
			children = (
				E73E87AE28DDFB7600179303 /* CacheImage */,
				E73E87B228DE041D00179303 /* StringExtension.swift */,
			);
			path = Utils;
			sourceTree = "<group>";
		};
		E73E87A928DDFB1B00179303 /* Model */ = {
			isa = PBXGroup;
			children = (
				E73E878E28DDB77200179303 /* SearchModel.swift */,
				E73E87AA28DDFB2E00179303 /* ErrorHandler.swift */,
			);
			path = Model;
			sourceTree = "<group>";
		};
		E73E87AC28DDFB3B00179303 /* View */ = {
			isa = PBXGroup;
			children = (
				E73E877F28DDB51A00179303 /* SearchView.swift */,
			);
			path = View;
			sourceTree = "<group>";
		};
		E73E87AD28DDFB4300179303 /* ViewModel */ = {
			isa = PBXGroup;
			children = (
				E73E878C28DDB72C00179303 /* SearchViewModel.swift */,
			);
			path = ViewModel;
			sourceTree = "<group>";
		};
		E73E87AE28DDFB7600179303 /* CacheImage */ = {
			isa = PBXGroup;
			children = (
				E73E87A528DDED6B00179303 /* ImageLoaderViewModel.swift */,
				E73E87A728DDEDA700179303 /* URLImage.swift */,
			);
			path = CacheImage;
			sourceTree = "<group>";
		};
/* End PBXGroup section */

/* Begin PBXNativeTarget section */
		E73E877928DDB51A00179303 /* SearchImage */ = {
			isa = PBXNativeTarget;
			buildConfigurationList = E73E878828DDB51C00179303 /* Build configuration list for PBXNativeTarget "SearchImage" */;
			buildPhases = (
				E73E877628DDB51A00179303 /* Sources */,
				E73E877728DDB51A00179303 /* Frameworks */,
				E73E877828DDB51A00179303 /* Resources */,
			);
			buildRules = (
			);
			dependencies = (
			);
			name = SearchImage;
			productName = SearchImage;
			productReference = E73E877A28DDB51A00179303 /* SearchImage.app */;
			productType = "com.apple.product-type.application";
		};
/* End PBXNativeTarget section */

/* Begin PBXProject section */
		E73E877228DDB51A00179303 /* Project object */ = {
			isa = PBXProject;
			attributes = {
				BuildIndependentTargetsInParallel = 1;
				LastSwiftUpdateCheck = 1400;
				LastUpgradeCheck = 1400;
				TargetAttributes = {
					E73E877928DDB51A00179303 = {
						CreatedOnToolsVersion = 14.0;
					};
				};
			};
			buildConfigurationList = E73E877528DDB51A00179303 /* Build configuration list for PBXProject "SearchImage" */;
			compatibilityVersion = "Xcode 14.0";
			developmentRegion = en;
			hasScannedForEncodings = 0;
			knownRegions = (
				en,
				Base,
			);
			mainGroup = E73E877128DDB51A00179303;
			productRefGroup = E73E877B28DDB51A00179303 /* Products */;
			projectDirPath = "";
			projectRoot = "";
			targets = (
				E73E877928DDB51A00179303 /* SearchImage */,
			);
		};
/* End PBXProject section */

/* Begin PBXResourcesBuildPhase section */
		E73E877828DDB51A00179303 /* Resources */ = {
			isa = PBXResourcesBuildPhase;
			buildActionMask = 2147483647;
			files = (
				E73E878528DDB51C00179303 /* Preview Assets.xcassets in Resources */,
				E73E878228DDB51C00179303 /* Assets.xcassets in Resources */,
			);
			runOnlyForDeploymentPostprocessing = 0;
		};
/* End PBXResourcesBuildPhase section */

/* Begin PBXSourcesBuildPhase section */
		E73E877628DDB51A00179303 /* Sources */ = {
			isa = PBXSourcesBuildPhase;
			buildActionMask = 2147483647;
			files = (
				E73E878D28DDB72C00179303 /* SearchViewModel.swift in Sources */,
				E73E87A828DDEDA700179303 /* URLImage.swift in Sources */,
				E73E87B028DDFD8600179303 /* StaticText.swift in Sources */,
				E73E879228DDBBBE00179303 /* APIConstants.swift in Sources */,
				E73E87A628DDED6B00179303 /* ImageLoaderViewModel.swift in Sources */,
				E73E878028DDB51A00179303 /* SearchView.swift in Sources */,
				E73E879928DDBDB500179303 /* SearchService.swift in Sources */,
				E73E879B28DDCF0100179303 /* GalleryView.swift in Sources */,
				E73E87B328DE041D00179303 /* StringExtension.swift in Sources */,
				E73E87AB28DDFB2E00179303 /* ErrorHandler.swift in Sources */,
				E73E877E28DDB51A00179303 /* SearchImageApp.swift in Sources */,
				E73E878F28DDB77200179303 /* SearchModel.swift in Sources */,
			);
			runOnlyForDeploymentPostprocessing = 0;
		};
/* End PBXSourcesBuildPhase section */

/* Begin XCBuildConfiguration section */
		E73E878628DDB51C00179303 /* Debug */ = {
			isa = XCBuildConfiguration;
			buildSettings = {
				ALWAYS_SEARCH_USER_PATHS = NO;
				CLANG_ANALYZER_NONNULL = YES;
				CLANG_ANALYZER_NUMBER_OBJECT_CONVERSION = YES_AGGRESSIVE;
				CLANG_CXX_LANGUAGE_STANDARD = "gnu++20";
				CLANG_ENABLE_MODULES = YES;
				CLANG_ENABLE_OBJC_ARC = YES;
				CLANG_ENABLE_OBJC_WEAK = YES;
				CLANG_WARN_BLOCK_CAPTURE_AUTORELEASING = YES;
				CLANG_WARN_BOOL_CONVERSION = YES;
				CLANG_WARN_COMMA = YES;
				CLANG_WARN_CONSTANT_CONVERSION = YES;
				CLANG_WARN_DEPRECATED_OBJC_IMPLEMENTATIONS = YES;
				CLANG_WARN_DIRECT_OBJC_ISA_USAGE = YES_ERROR;
				CLANG_WARN_DOCUMENTATION_COMMENTS = YES;
				CLANG_WARN_EMPTY_BODY = YES;
				CLANG_WARN_ENUM_CONVERSION = YES;
				CLANG_WARN_INFINITE_RECURSION = YES;
				CLANG_WARN_INT_CONVERSION = YES;
				CLANG_WARN_NON_LITERAL_NULL_CONVERSION = YES;
				CLANG_WARN_OBJC_IMPLICIT_RETAIN_SELF = YES;
				CLANG_WARN_OBJC_LITERAL_CONVERSION = YES;
				CLANG_WARN_OBJC_ROOT_CLASS = YES_ERROR;
				CLANG_WARN_QUOTED_INCLUDE_IN_FRAMEWORK_HEADER = YES;
				CLANG_WARN_RANGE_LOOP_ANALYSIS = YES;
				CLANG_WARN_STRICT_PROTOTYPES = YES;
				CLANG_WARN_SUSPICIOUS_MOVE = YES;
				CLANG_WARN_UNGUARDED_AVAILABILITY = YES_AGGRESSIVE;
				CLANG_WARN_UNREACHABLE_CODE = YES;
				CLANG_WARN__DUPLICATE_METHOD_MATCH = YES;
				COPY_PHASE_STRIP = NO;
				DEBUG_INFORMATION_FORMAT = dwarf;
				ENABLE_STRICT_OBJC_MSGSEND = YES;
				ENABLE_TESTABILITY = YES;
				GCC_C_LANGUAGE_STANDARD = gnu11;
				GCC_DYNAMIC_NO_PIC = NO;
				GCC_NO_COMMON_BLOCKS = YES;
				GCC_OPTIMIZATION_LEVEL = 0;
				GCC_PREPROCESSOR_DEFINITIONS = (
					"DEBUG=1",
					"$(inherited)",
				);
				GCC_WARN_64_TO_32_BIT_CONVERSION = YES;
				GCC_WARN_ABOUT_RETURN_TYPE = YES_ERROR;
				GCC_WARN_UNDECLARED_SELECTOR = YES;
				GCC_WARN_UNINITIALIZED_AUTOS = YES_AGGRESSIVE;
				GCC_WARN_UNUSED_FUNCTION = YES;
				GCC_WARN_UNUSED_VARIABLE = YES;
				IPHONEOS_DEPLOYMENT_TARGET = 16.0;
				MTL_ENABLE_DEBUG_INFO = INCLUDE_SOURCE;
				MTL_FAST_MATH = YES;
				ONLY_ACTIVE_ARCH = YES;
				SDKROOT = iphoneos;
				SWIFT_ACTIVE_COMPILATION_CONDITIONS = DEBUG;
				SWIFT_OPTIMIZATION_LEVEL = "-Onone";
			};
			name = Debug;
		};
		E73E878728DDB51C00179303 /* Release */ = {
			isa = XCBuildConfiguration;
			buildSettings = {
				ALWAYS_SEARCH_USER_PATHS = NO;
				CLANG_ANALYZER_NONNULL = YES;
				CLANG_ANALYZER_NUMBER_OBJECT_CONVERSION = YES_AGGRESSIVE;
				CLANG_CXX_LANGUAGE_STANDARD = "gnu++20";
				CLANG_ENABLE_MODULES = YES;
				CLANG_ENABLE_OBJC_ARC = YES;
				CLANG_ENABLE_OBJC_WEAK = YES;
				CLANG_WARN_BLOCK_CAPTURE_AUTORELEASING = YES;
				CLANG_WARN_BOOL_CONVERSION = YES;
				CLANG_WARN_COMMA = YES;
				CLANG_WARN_CONSTANT_CONVERSION = YES;
				CLANG_WARN_DEPRECATED_OBJC_IMPLEMENTATIONS = YES;
				CLANG_WARN_DIRECT_OBJC_ISA_USAGE = YES_ERROR;
				CLANG_WARN_DOCUMENTATION_COMMENTS = YES;
				CLANG_WARN_EMPTY_BODY = YES;
				CLANG_WARN_ENUM_CONVERSION = YES;
				CLANG_WARN_INFINITE_RECURSION = YES;
				CLANG_WARN_INT_CONVERSION = YES;
				CLANG_WARN_NON_LITERAL_NULL_CONVERSION = YES;
				CLANG_WARN_OBJC_IMPLICIT_RETAIN_SELF = YES;
				CLANG_WARN_OBJC_LITERAL_CONVERSION = YES;
				CLANG_WARN_OBJC_ROOT_CLASS = YES_ERROR;
				CLANG_WARN_QUOTED_INCLUDE_IN_FRAMEWORK_HEADER = YES;
				CLANG_WARN_RANGE_LOOP_ANALYSIS = YES;
				CLANG_WARN_STRICT_PROTOTYPES = YES;
				CLANG_WARN_SUSPICIOUS_MOVE = YES;
				CLANG_WARN_UNGUARDED_AVAILABILITY = YES_AGGRESSIVE;
				CLANG_WARN_UNREACHABLE_CODE = YES;
				CLANG_WARN__DUPLICATE_METHOD_MATCH = YES;
				COPY_PHASE_STRIP = NO;
				DEBUG_INFORMATION_FORMAT = "dwarf-with-dsym";
				ENABLE_NS_ASSERTIONS = NO;
				ENABLE_STRICT_OBJC_MSGSEND = YES;
				GCC_C_LANGUAGE_STANDARD = gnu11;
				GCC_NO_COMMON_BLOCKS = YES;
				GCC_WARN_64_TO_32_BIT_CONVERSION = YES;
				GCC_WARN_ABOUT_RETURN_TYPE = YES_ERROR;
				GCC_WARN_UNDECLARED_SELECTOR = YES;
				GCC_WARN_UNINITIALIZED_AUTOS = YES_AGGRESSIVE;
				GCC_WARN_UNUSED_FUNCTION = YES;
				GCC_WARN_UNUSED_VARIABLE = YES;
				IPHONEOS_DEPLOYMENT_TARGET = 16.0;
				MTL_ENABLE_DEBUG_INFO = NO;
				MTL_FAST_MATH = YES;
				SDKROOT = iphoneos;
				SWIFT_COMPILATION_MODE = wholemodule;
				SWIFT_OPTIMIZATION_LEVEL = "-O";
				VALIDATE_PRODUCT = YES;
			};
			name = Release;
		};
		E73E878928DDB51C00179303 /* Debug */ = {
			isa = XCBuildConfiguration;
			buildSettings = {
				ASSETCATALOG_COMPILER_APPICON_NAME = AppIcon;
				ASSETCATALOG_COMPILER_GLOBAL_ACCENT_COLOR_NAME = AccentColor;
				CODE_SIGN_STYLE = Automatic;
				CURRENT_PROJECT_VERSION = 1;
				DEVELOPMENT_ASSET_PATHS = "\"SearchImage/Preview Content\"";
				DEVELOPMENT_TEAM = VC74Q6DCN2;
				ENABLE_PREVIEWS = YES;
				GENERATE_INFOPLIST_FILE = YES;
				INFOPLIST_FILE = SearchImage/Info.plist;
				INFOPLIST_KEY_CFBundleDisplayName = SearchImage;
				INFOPLIST_KEY_UIApplicationSceneManifest_Generation = YES;
				INFOPLIST_KEY_UIApplicationSupportsIndirectInputEvents = YES;
				INFOPLIST_KEY_UIStatusBarStyle = "";
				INFOPLIST_KEY_UISupportedInterfaceOrientations = UIInterfaceOrientationPortrait;
				IPHONEOS_DEPLOYMENT_TARGET = 15.0;
				LD_RUNPATH_SEARCH_PATHS = (
					"$(inherited)",
					"@executable_path/Frameworks",
				);
				MARKETING_VERSION = 1.0;
				PRODUCT_BUNDLE_IDENTIFIER = com.mycompany.SearchImage;
				PRODUCT_NAME = "$(TARGET_NAME)";
				SUPPORTED_PLATFORMS = "iphoneos iphonesimulator";
				SUPPORTS_MACCATALYST = NO;
				SUPPORTS_MAC_DESIGNED_FOR_IPHONE_IPAD = NO;
				SWIFT_EMIT_LOC_STRINGS = YES;
				SWIFT_VERSION = 5.0;
				TARGETED_DEVICE_FAMILY = "1,2";
			};
			name = Debug;
		};
		E73E878A28DDB51C00179303 /* Release */ = {
			isa = XCBuildConfiguration;
			buildSettings = {
				ASSETCATALOG_COMPILER_APPICON_NAME = AppIcon;
				ASSETCATALOG_COMPILER_GLOBAL_ACCENT_COLOR_NAME = AccentColor;
				CODE_SIGN_STYLE = Automatic;
				CURRENT_PROJECT_VERSION = 1;
				DEVELOPMENT_ASSET_PATHS = "\"SearchImage/Preview Content\"";
				DEVELOPMENT_TEAM = VC74Q6DCN2;
				ENABLE_PREVIEWS = YES;
				GENERATE_INFOPLIST_FILE = YES;
				INFOPLIST_FILE = SearchImage/Info.plist;
				INFOPLIST_KEY_CFBundleDisplayName = SearchImage;
				INFOPLIST_KEY_UIApplicationSceneManifest_Generation = YES;
				INFOPLIST_KEY_UIApplicationSupportsIndirectInputEvents = YES;
				INFOPLIST_KEY_UIStatusBarStyle = "";
				INFOPLIST_KEY_UISupportedInterfaceOrientations = UIInterfaceOrientationPortrait;
				IPHONEOS_DEPLOYMENT_TARGET = 15.0;
				LD_RUNPATH_SEARCH_PATHS = (
					"$(inherited)",
					"@executable_path/Frameworks",
				);
				MARKETING_VERSION = 1.0;
				PRODUCT_BUNDLE_IDENTIFIER = com.mycompany.SearchImage;
				PRODUCT_NAME = "$(TARGET_NAME)";
				SUPPORTED_PLATFORMS = "iphoneos iphonesimulator";
				SUPPORTS_MACCATALYST = NO;
				SUPPORTS_MAC_DESIGNED_FOR_IPHONE_IPAD = NO;
				SWIFT_EMIT_LOC_STRINGS = YES;
				SWIFT_VERSION = 5.0;
				TARGETED_DEVICE_FAMILY = "1,2";
			};
			name = Release;
		};
/* End XCBuildConfiguration section */

/* Begin XCConfigurationList section */
		E73E877528DDB51A00179303 /* Build configuration list for PBXProject "SearchImage" */ = {
			isa = XCConfigurationList;
			buildConfigurations = (
				E73E878628DDB51C00179303 /* Debug */,
				E73E878728DDB51C00179303 /* Release */,
			);
			defaultConfigurationIsVisible = 0;
			defaultConfigurationName = Release;
		};
		E73E878828DDB51C00179303 /* Build configuration list for PBXNativeTarget "SearchImage" */ = {
			isa = XCConfigurationList;
			buildConfigurations = (
				E73E878928DDB51C00179303 /* Debug */,
				E73E878A28DDB51C00179303 /* Release */,
			);
			defaultConfigurationIsVisible = 0;
			defaultConfigurationName = Release;
		};
/* End XCConfigurationList section */
	};
	rootObject = E73E877228DDB51A00179303 /* Project object */;
}
